
Microsoft Visual Studio Solution File, Format Version 12.00
# Visual Studio Version 16
VisualStudioVersion = 16.0.30204.135
MinimumVisualStudioVersion = 10.0.40219.1
Project("{FAE04EC0-301F-11D3-BF4B-00C04F79EFBC}") = "TRMDataManager", "TRMDataManager\TRMDataManager.csproj", "{F691507A-9D2D-4B0A-A9BD-CA3DEEA0DD5D}"
EndProject
Global
	GlobalSection(SolutionConfigurationPlatforms) = preSolution
		Debug|Any CPU = Debug|Any CPU
		Release|Any CPU = Release|Any CPU
	EndGlobalSection
	GlobalSection(ProjectConfigurationPlatforms) = postSolution
		{F691507A-9D2D-4B0A-A9BD-CA3DEEA0DD5D}.Debug|Any CPU.ActiveCfg = Debug|Any CPU
		{F691507A-9D2D-4B0A-A9BD-CA3DEEA0DD5D}.Debug|Any CPU.Build.0 = Debug|Any CPU
		{F691507A-9D2D-4B0A-A9BD-CA3DEEA0DD5D}.Release|Any CPU.ActiveCfg = Release|Any CPU
		{F691507A-9D2D-4B0A-A9BD-CA3DEEA0DD5D}.Release|Any CPU.Build.0 = Release|Any CPU
	EndGlobalSection
	GlobalSection(SolutionProperties) = preSolution
		HideSolutionNode = FALSE
	EndGlobalSection
	GlobalSection(ExtensibilityGlobals) = postSolution
		SolutionGuid = {075FDF4E-7396-4D27-A0D8-700B0C30D226}
	EndGlobalSection
EndGlobal
