
Microsoft Visual Studio Solution File, Format Version 12.00
# Visual Studio Version 16
VisualStudioVersion = 16.0.30204.135
MinimumVisualStudioVersion = 10.0.40219.1
Project("{FAE04EC0-301F-11D3-BF4B-00C04F79EFBC}") = "TRMDataManager", "TRMDataManager\TRMDataManager.csproj", "{F691507A-9D2D-4B0A-A9BD-CA3DEEA0DD5D}"
EndProject
Project("{00D1A9C2-B5F0-4AF3-8072-F6C62B433612}") = "TRMData", "TRMData\TRMData.sqlproj", "{EFA42C28-FB5F-41CA-A51B-BB06F7914A24}"
EndProject
Project("{FAE04EC0-301F-11D3-BF4B-00C04F79EFBC}") = "TRMDesktopUI", "TRMDesktopUI\TRMDesktopUI.csproj", "{93A83A73-6DCB-4C9D-901F-A1A083463600}"
EndProject
Global
	GlobalSection(SolutionConfigurationPlatforms) = preSolution
		Debug|Any CPU = Debug|Any CPU
		Release|Any CPU = Release|Any CPU
	EndGlobalSection
	GlobalSection(ProjectConfigurationPlatforms) = postSolution
		{F691507A-9D2D-4B0A-A9BD-CA3DEEA0DD5D}.Debug|Any CPU.ActiveCfg = Debug|Any CPU
		{F691507A-9D2D-4B0A-A9BD-CA3DEEA0DD5D}.Debug|Any CPU.Build.0 = Debug|Any CPU
		{F691507A-9D2D-4B0A-A9BD-CA3DEEA0DD5D}.Release|Any CPU.ActiveCfg = Release|Any CPU
		{F691507A-9D2D-4B0A-A9BD-CA3DEEA0DD5D}.Release|Any CPU.Build.0 = Release|Any CPU
		{EFA42C28-FB5F-41CA-A51B-BB06F7914A24}.Debug|Any CPU.ActiveCfg = Debug|Any CPU
		{EFA42C28-FB5F-41CA-A51B-BB06F7914A24}.Debug|Any CPU.Build.0 = Debug|Any CPU
		{EFA42C28-FB5F-41CA-A51B-BB06F7914A24}.Debug|Any CPU.Deploy.0 = Debug|Any CPU
		{EFA42C28-FB5F-41CA-A51B-BB06F7914A24}.Release|Any CPU.ActiveCfg = Release|Any CPU
		{EFA42C28-FB5F-41CA-A51B-BB06F7914A24}.Release|Any CPU.Build.0 = Release|Any CPU
		{EFA42C28-FB5F-41CA-A51B-BB06F7914A24}.Release|Any CPU.Deploy.0 = Release|Any CPU
		{93A83A73-6DCB-4C9D-901F-A1A083463600}.Debug|Any CPU.ActiveCfg = Debug|Any CPU
		{93A83A73-6DCB-4C9D-901F-A1A083463600}.Debug|Any CPU.Build.0 = Debug|Any CPU
		{93A83A73-6DCB-4C9D-901F-A1A083463600}.Release|Any CPU.ActiveCfg = Release|Any CPU
		{93A83A73-6DCB-4C9D-901F-A1A083463600}.Release|Any CPU.Build.0 = Release|Any CPU
	EndGlobalSection
	GlobalSection(SolutionProperties) = preSolution
		HideSolutionNode = FALSE
	EndGlobalSection
	GlobalSection(ExtensibilityGlobals) = postSolution
		SolutionGuid = {075FDF4E-7396-4D27-A0D8-700B0C30D226}
	EndGlobalSection
EndGlobal
